{
  "name": "node-demo",
  "version": "1.0.0",
  "lockfileVersion": 1,
  "requires": true,
  "dependencies": {
    "@ant-design/colors": {
      "version": "7.1.0",
      "resolved": "https://registry.npmjs.org/@ant-design/colors/-/colors-7.1.0.tgz",
      "integrity": "sha512-MMoDGWn1y9LdQJQSHiCC20x3uZ3CwQnv9QMz6pCmJOrqdgM9YxsoVVY0wtrdXbmfSgnV0KNk6zi09NAhMR2jvg==",
      "requires": {
        "@ctrl/tinycolor": "^3.6.1"
      }
    },
    "@ant-design/cssinjs": {
      "version": "1.21.1",
      "resolved": "https://registry.npmjs.org/@ant-design/cssinjs/-/cssinjs-1.21.1.tgz",
      "integrity": "sha512-tyWnlK+XH7Bumd0byfbCiZNK43HEubMoCcu9VxwsAwiHdHTgWa+tMN0/yvxa+e8EzuFP1WdUNNPclRpVtD33lg==",
      "requires": {
        "@babel/runtime": "^7.11.1",
        "@emotion/hash": "^0.8.0",
        "@emotion/unitless": "^0.7.5",
        "classnames": "^2.3.1",
        "csstype": "^3.1.3",
        "rc-util": "^5.35.0",
        "stylis": "^4.3.3"
      }
    },
    "@ant-design/cssinjs-utils": {
      "version": "1.1.0",
      "resolved": "https://registry.npmjs.org/@ant-design/cssinjs-utils/-/cssinjs-utils-1.1.0.tgz",
      "integrity": "sha512-E9nOWObXx7Dy7hdyuYlOFaer/LtPO7oyZVxZphh0CYEslr5EmhJPM3WI0Q2RBHRtYg6dSNqeSK73kvZjPN3IMQ==",
      "requires": {
        "@ant-design/cssinjs": "^1.21.0",
        "@babel/runtime": "^7.23.2",
        "rc-util": "^5.38.0"
      }
    },
    "@ant-design/fast-color": {
      "version": "2.0.6",
      "resolved": "https://registry.npmjs.org/@ant-design/fast-color/-/fast-color-2.0.6.tgz",
      "integrity": "sha512-y2217gk4NqL35giHl72o6Zzqji9O7vHh9YmhUVkPtAOpoTCH4uWxo/pr4VE8t0+ChEPs0qo4eJRC5Q1eXWo3vA==",
      "requires": {
        "@babel/runtime": "^7.24.7"
      }
    },
    "@ant-design/icons": {
      "version": "5.5.1",
      "resolved": "https://registry.npmjs.org/@ant-design/icons/-/icons-5.5.1.tgz",
      "integrity": "sha512-0UrM02MA2iDIgvLatWrj6YTCYe0F/cwXvVE0E2SqGrL7PZireQwgEKTKBisWpZyal5eXZLvuM98kju6YtYne8w==",
      "requires": {
        "@ant-design/colors": "^7.0.0",
        "@ant-design/icons-svg": "^4.4.0",
        "@babel/runtime": "^7.24.8",
        "classnames": "^2.2.6",
        "rc-util": "^5.31.1"
      }
    },
    "@ant-design/icons-svg": {
      "version": "4.4.2",
      "resolved": "https://registry.npmjs.org/@ant-design/icons-svg/-/icons-svg-4.4.2.tgz",
      "integrity": "sha512-vHbT+zJEVzllwP+CM+ul7reTEfBR0vgxFe7+lREAsAA7YGsYpboiq2sQNeQeRvh09GfQgs/GyFEvZpJ9cLXpXA=="
    },
    "@ant-design/react-slick": {
      "version": "1.1.2",
      "resolved": "https://registry.npmjs.org/@ant-design/react-slick/-/react-slick-1.1.2.tgz",
      "integrity": "sha512-EzlvzE6xQUBrZuuhSAFTdsr4P2bBBHGZwKFemEfq8gIGyIQCxalYfZW/T2ORbtQx5rU69o+WycP3exY/7T1hGA==",
      "requires": {
        "@babel/runtime": "^7.10.4",
        "classnames": "^2.2.5",
        "json2mq": "^0.2.0",
        "resize-observer-polyfill": "^1.5.1",
        "throttle-debounce": "^5.0.0"
      }
    },
    "@babel/runtime": {
      "version": "7.25.6",
      "resolved": "https://registry.npmjs.org/@babel/runtime/-/runtime-7.25.6.tgz",
      "integrity": "sha512-VBj9MYyDb9tuLq7yzqjgzt6Q+IBQLrGZfdjOekyEirZPHxXWoTSGUTMrpsfi58Up73d13NfYLv8HT9vmznjzhQ==",
      "requires": {
        "regenerator-runtime": "^0.14.0"
      }
    },
    "@ctrl/tinycolor": {
      "version": "3.6.1",
      "resolved": "https://registry.npmjs.org/@ctrl/tinycolor/-/tinycolor-3.6.1.tgz",
      "integrity": "sha512-SITSV6aIXsuVNV3f3O0f2n/cgyEDWoSqtZMYiAmcsYHydcKrOz3gUxB/iXd/Qf08+IZX4KpgNbvUdMBmWz+kcA=="
    },
    "@emotion/hash": {
      "version": "0.8.0",
      "resolved": "https://registry.npmjs.org/@emotion/hash/-/hash-0.8.0.tgz",
      "integrity": "sha512-kBJtf7PH6aWwZ6fka3zQ0p6SBYzx4fl1LoZXE2RrnYST9Xljm7WfKJrU4g/Xr3Beg72MLrp1AWNUmuYJTL7Cow=="
    },
    "@emotion/unitless": {
      "version": "0.7.5",
      "resolved": "https://registry.npmjs.org/@emotion/unitless/-/unitless-0.7.5.tgz",
      "integrity": "sha512-OWORNpfjMsSSUBVrRBVGECkhWcULOAJz9ZW8uK9qgxD+87M7jHRcvh/A96XXNhXTLmKcoYSQtBEX7lHMO7YRwg=="
    },
    "@esbuild/aix-ppc64": {
      "version": "0.21.5",
      "resolved": "https://registry.npmjs.org/@esbuild/aix-ppc64/-/aix-ppc64-0.21.5.tgz",
      "integrity": "sha512-1SDgH6ZSPTlggy1yI6+Dbkiz8xzpHJEVAlF/AM1tHPLsf5STom9rwtjE4hKAF20FfXXNTFqEYXyJNWh1GiZedQ==",
      "optional": true
    },
    "@esbuild/android-arm": {
      "version": "0.21.5",
      "resolved": "https://registry.npmjs.org/@esbuild/android-arm/-/android-arm-0.21.5.tgz",
      "integrity": "sha512-vCPvzSjpPHEi1siZdlvAlsPxXl7WbOVUBBAowWug4rJHb68Ox8KualB+1ocNvT5fjv6wpkX6o/iEpbDrf68zcg==",
      "optional": true
    },
    "@esbuild/android-arm64": {
      "version": "0.21.5",
      "resolved": "https://registry.npmjs.org/@esbuild/android-arm64/-/android-arm64-0.21.5.tgz",
      "integrity": "sha512-c0uX9VAUBQ7dTDCjq+wdyGLowMdtR/GoC2U5IYk/7D1H1JYC0qseD7+11iMP2mRLN9RcCMRcjC4YMclCzGwS/A==",
      "optional": true
    },
    "@esbuild/android-x64": {
      "version": "0.21.5",
      "resolved": "https://registry.npmjs.org/@esbuild/android-x64/-/android-x64-0.21.5.tgz",
      "integrity": "sha512-D7aPRUUNHRBwHxzxRvp856rjUHRFW1SdQATKXH2hqA0kAZb1hKmi02OpYRacl0TxIGz/ZmXWlbZgjwWYaCakTA==",
      "optional": true
    },
    "@esbuild/darwin-arm64": {
      "version": "0.21.5",
      "resolved": "https://registry.npmjs.org/@esbuild/darwin-arm64/-/darwin-arm64-0.21.5.tgz",
      "integrity": "sha512-DwqXqZyuk5AiWWf3UfLiRDJ5EDd49zg6O9wclZ7kUMv2WRFr4HKjXp/5t8JZ11QbQfUS6/cRCKGwYhtNAY88kQ==",
      "optional": true
    },
    "@esbuild/darwin-x64": {
      "version": "0.21.5",
      "resolved": "https://registry.npmjs.org/@esbuild/darwin-x64/-/darwin-x64-0.21.5.tgz",
      "integrity": "sha512-se/JjF8NlmKVG4kNIuyWMV/22ZaerB+qaSi5MdrXtd6R08kvs2qCN4C09miupktDitvh8jRFflwGFBQcxZRjbw==",
      "optional": true
    },
    "@esbuild/freebsd-arm64": {
      "version": "0.21.5",
      "resolved": "https://registry.npmjs.org/@esbuild/freebsd-arm64/-/freebsd-arm64-0.21.5.tgz",
      "integrity": "sha512-5JcRxxRDUJLX8JXp/wcBCy3pENnCgBR9bN6JsY4OmhfUtIHe3ZW0mawA7+RDAcMLrMIZaf03NlQiX9DGyB8h4g==",
      "optional": true
    },
    "@esbuild/freebsd-x64": {
      "version": "0.21.5",
      "resolved": "https://registry.npmjs.org/@esbuild/freebsd-x64/-/freebsd-x64-0.21.5.tgz",
      "integrity": "sha512-J95kNBj1zkbMXtHVH29bBriQygMXqoVQOQYA+ISs0/2l3T9/kj42ow2mpqerRBxDJnmkUDCaQT/dfNXWX/ZZCQ==",
      "optional": true
    },
    "@esbuild/linux-arm": {
      "version": "0.21.5",
      "resolved": "https://registry.npmjs.org/@esbuild/linux-arm/-/linux-arm-0.21.5.tgz",
      "integrity": "sha512-bPb5AHZtbeNGjCKVZ9UGqGwo8EUu4cLq68E95A53KlxAPRmUyYv2D6F0uUI65XisGOL1hBP5mTronbgo+0bFcA==",
      "optional": true
    },
    "@esbuild/linux-arm64": {
      "version": "0.21.5",
      "resolved": "https://registry.npmjs.org/@esbuild/linux-arm64/-/linux-arm64-0.21.5.tgz",
      "integrity": "sha512-ibKvmyYzKsBeX8d8I7MH/TMfWDXBF3db4qM6sy+7re0YXya+K1cem3on9XgdT2EQGMu4hQyZhan7TeQ8XkGp4Q==",
      "optional": true
    },
    "@esbuild/linux-ia32": {
      "version": "0.21.5",
      "resolved": "https://registry.npmjs.org/@esbuild/linux-ia32/-/linux-ia32-0.21.5.tgz",
      "integrity": "sha512-YvjXDqLRqPDl2dvRODYmmhz4rPeVKYvppfGYKSNGdyZkA01046pLWyRKKI3ax8fbJoK5QbxblURkwK/MWY18Tg==",
      "optional": true
    },
    "@esbuild/linux-loong64": {
      "version": "0.21.5",
      "resolved": "https://registry.npmjs.org/@esbuild/linux-loong64/-/linux-loong64-0.21.5.tgz",
      "integrity": "sha512-uHf1BmMG8qEvzdrzAqg2SIG/02+4/DHB6a9Kbya0XDvwDEKCoC8ZRWI5JJvNdUjtciBGFQ5PuBlpEOXQj+JQSg==",
      "optional": true
    },
    "@esbuild/linux-mips64el": {
      "version": "0.21.5",
      "resolved": "https://registry.npmjs.org/@esbuild/linux-mips64el/-/linux-mips64el-0.21.5.tgz",
      "integrity": "sha512-IajOmO+KJK23bj52dFSNCMsz1QP1DqM6cwLUv3W1QwyxkyIWecfafnI555fvSGqEKwjMXVLokcV5ygHW5b3Jbg==",
      "optional": true
    },
    "@esbuild/linux-ppc64": {
      "version": "0.21.5",
      "resolved": "https://registry.npmjs.org/@esbuild/linux-ppc64/-/linux-ppc64-0.21.5.tgz",
      "integrity": "sha512-1hHV/Z4OEfMwpLO8rp7CvlhBDnjsC3CttJXIhBi+5Aj5r+MBvy4egg7wCbe//hSsT+RvDAG7s81tAvpL2XAE4w==",
      "optional": true
    },
    "@esbuild/linux-riscv64": {
      "version": "0.21.5",
      "resolved": "https://registry.npmjs.org/@esbuild/linux-riscv64/-/linux-riscv64-0.21.5.tgz",
      "integrity": "sha512-2HdXDMd9GMgTGrPWnJzP2ALSokE/0O5HhTUvWIbD3YdjME8JwvSCnNGBnTThKGEB91OZhzrJ4qIIxk/SBmyDDA==",
      "optional": true
    },
    "@esbuild/linux-s390x": {
      "version": "0.21.5",
      "resolved": "https://registry.npmjs.org/@esbuild/linux-s390x/-/linux-s390x-0.21.5.tgz",
      "integrity": "sha512-zus5sxzqBJD3eXxwvjN1yQkRepANgxE9lgOW2qLnmr8ikMTphkjgXu1HR01K4FJg8h1kEEDAqDcZQtbrRnB41A==",
      "optional": true
    },
    "@esbuild/linux-x64": {
      "version": "0.21.5",
      "resolved": "https://registry.npmjs.org/@esbuild/linux-x64/-/linux-x64-0.21.5.tgz",
      "integrity": "sha512-1rYdTpyv03iycF1+BhzrzQJCdOuAOtaqHTWJZCWvijKD2N5Xu0TtVC8/+1faWqcP9iBCWOmjmhoH94dH82BxPQ==",
      "optional": true
    },
    "@esbuild/netbsd-x64": {
      "version": "0.21.5",
      "resolved": "https://registry.npmjs.org/@esbuild/netbsd-x64/-/netbsd-x64-0.21.5.tgz",
      "integrity": "sha512-Woi2MXzXjMULccIwMnLciyZH4nCIMpWQAs049KEeMvOcNADVxo0UBIQPfSmxB3CWKedngg7sWZdLvLczpe0tLg==",
      "optional": true
    },
    "@esbuild/openbsd-x64": {
      "version": "0.21.5",
      "resolved": "https://registry.npmjs.org/@esbuild/openbsd-x64/-/openbsd-x64-0.21.5.tgz",
      "integrity": "sha512-HLNNw99xsvx12lFBUwoT8EVCsSvRNDVxNpjZ7bPn947b8gJPzeHWyNVhFsaerc0n3TsbOINvRP2byTZ5LKezow==",
      "optional": true
    },
    "@esbuild/sunos-x64": {
      "version": "0.21.5",
      "resolved": "https://registry.npmjs.org/@esbuild/sunos-x64/-/sunos-x64-0.21.5.tgz",
      "integrity": "sha512-6+gjmFpfy0BHU5Tpptkuh8+uw3mnrvgs+dSPQXQOv3ekbordwnzTVEb4qnIvQcYXq6gzkyTnoZ9dZG+D4garKg==",
      "optional": true
    },
    "@esbuild/win32-arm64": {
      "version": "0.21.5",
      "resolved": "https://registry.npmjs.org/@esbuild/win32-arm64/-/win32-arm64-0.21.5.tgz",
      "integrity": "sha512-Z0gOTd75VvXqyq7nsl93zwahcTROgqvuAcYDUr+vOv8uHhNSKROyU961kgtCD1e95IqPKSQKH7tBTslnS3tA8A==",
      "optional": true
    },
    "@esbuild/win32-ia32": {
      "version": "0.21.5",
      "resolved": "https://registry.npmjs.org/@esbuild/win32-ia32/-/win32-ia32-0.21.5.tgz",
      "integrity": "sha512-SWXFF1CL2RVNMaVs+BBClwtfZSvDgtL//G/smwAc5oVK/UPu2Gu9tIaRgFmYFFKrmg3SyAjSrElf0TiJ1v8fYA==",
      "optional": true
    },
    "@esbuild/win32-x64": {
      "version": "0.21.5",
      "resolved": "https://registry.npmjs.org/@esbuild/win32-x64/-/win32-x64-0.21.5.tgz",
      "integrity": "sha512-tQd/1efJuzPC6rCFwEvLtci/xNFcTZknmXs98FYDfGE4wP9ClFV98nyKrzJKVPMhdDnjzLhdUyMX4PsQAPjwIw==",
      "optional": true
    },
    "@rc-component/async-validator": {
      "version": "5.0.4",
      "resolved": "https://registry.npmjs.org/@rc-component/async-validator/-/async-validator-5.0.4.tgz",
      "integrity": "sha512-qgGdcVIF604M9EqjNF0hbUTz42bz/RDtxWdWuU5EQe3hi7M8ob54B6B35rOsvX5eSvIHIzT9iH1R3n+hk3CGfg==",
      "requires": {
        "@babel/runtime": "^7.24.4"
      }
    },
    "@rc-component/color-picker": {
      "version": "2.0.1",
      "resolved": "https://registry.npmjs.org/@rc-component/color-picker/-/color-picker-2.0.1.tgz",
      "integrity": "sha512-WcZYwAThV/b2GISQ8F+7650r5ZZJ043E57aVBFkQ+kSY4C6wdofXgB0hBx+GPGpIU0Z81eETNoDUJMr7oy/P8Q==",
      "requires": {
        "@ant-design/fast-color": "^2.0.6",
        "@babel/runtime": "^7.23.6",
        "classnames": "^2.2.6",
        "rc-util": "^5.38.1"
      }
    },
    "@rc-component/context": {
      "version": "1.4.0",
      "resolved": "https://registry.npmjs.org/@rc-component/context/-/context-1.4.0.tgz",
      "integrity": "sha512-kFcNxg9oLRMoL3qki0OMxK+7g5mypjgaaJp/pkOis/6rVxma9nJBF/8kCIuTYHUQNr0ii7MxqE33wirPZLJQ2w==",
      "requires": {
        "@babel/runtime": "^7.10.1",
        "rc-util": "^5.27.0"
      }
    },
    "@rc-component/mini-decimal": {
      "version": "1.1.0",
      "resolved": "https://registry.npmjs.org/@rc-component/mini-decimal/-/mini-decimal-1.1.0.tgz",
      "integrity": "sha512-jS4E7T9Li2GuYwI6PyiVXmxTiM6b07rlD9Ge8uGZSCz3WlzcG5ZK7g5bbuKNeZ9pgUuPK/5guV781ujdVpm4HQ==",
      "requires": {
        "@babel/runtime": "^7.18.0"
      }
    },
    "@rc-component/mutate-observer": {
      "version": "1.1.0",
      "resolved": "https://registry.npmjs.org/@rc-component/mutate-observer/-/mutate-observer-1.1.0.tgz",
      "integrity": "sha512-QjrOsDXQusNwGZPf4/qRQasg7UFEj06XiCJ8iuiq/Io7CrHrgVi6Uuetw60WAMG1799v+aM8kyc+1L/GBbHSlw==",
      "requires": {
        "@babel/runtime": "^7.18.0",
        "classnames": "^2.3.2",
        "rc-util": "^5.24.4"
      }
    },
    "@rc-component/portal": {
      "version": "1.1.2",
      "resolved": "https://registry.npmjs.org/@rc-component/portal/-/portal-1.1.2.tgz",
      "integrity": "sha512-6f813C0IsasTZms08kfA8kPAGxbbkYToa8ALaiDIGGECU4i9hj8Plgbx0sNJDrey3EtHO30hmdaxtT0138xZcg==",
      "requires": {
        "@babel/runtime": "^7.18.0",
        "classnames": "^2.3.2",
        "rc-util": "^5.24.4"
      }
    },
    "@rc-component/qrcode": {
      "version": "1.0.0",
      "resolved": "https://registry.npmjs.org/@rc-component/qrcode/-/qrcode-1.0.0.tgz",
      "integrity": "sha512-L+rZ4HXP2sJ1gHMGHjsg9jlYBX/SLN2D6OxP9Zn3qgtpMWtO2vUfxVFwiogHpAIqs54FnALxraUy/BCO1yRIgg==",
      "requires": {
        "@babel/runtime": "^7.24.7",
        "classnames": "^2.3.2",
        "rc-util": "^5.38.0"
      }
    },
    "@rc-component/tour": {
      "version": "1.15.1",
      "resolved": "https://registry.npmjs.org/@rc-component/tour/-/tour-1.15.1.tgz",
      "integrity": "sha512-Tr2t7J1DKZUpfJuDZWHxyxWpfmj8EZrqSgyMZ+BCdvKZ6r1UDsfU46M/iWAAFBy961Ssfom2kv5f3UcjIL2CmQ==",
      "requires": {
        "@babel/runtime": "^7.18.0",
        "@rc-component/portal": "^1.0.0-9",
        "@rc-component/trigger": "^2.0.0",
        "classnames": "^2.3.2",
        "rc-util": "^5.24.4"
      }
    },
    "@rc-component/trigger": {
      "version": "2.2.3",
      "resolved": "https://registry.npmjs.org/@rc-component/trigger/-/trigger-2.2.3.tgz",
      "integrity": "sha512-X1oFIpKoXAMXNDYCviOmTfuNuYxE4h5laBsyCqVAVMjNHxoF3/uiyA7XdegK1XbCvBbCZ6P6byWrEoDRpKL8+A==",
      "requires": {
        "@babel/runtime": "^7.23.2",
        "@rc-component/portal": "^1.1.0",
        "classnames": "^2.3.2",
        "rc-motion": "^2.0.0",
        "rc-resize-observer": "^1.3.1",
        "rc-util": "^5.38.0"
      }
    },
    "@rollup/rollup-android-arm-eabi": {
      "version": "4.22.4",
      "resolved": "https://registry.npmjs.org/@rollup/rollup-android-arm-eabi/-/rollup-android-arm-eabi-4.22.4.tgz",
      "integrity": "sha512-Fxamp4aEZnfPOcGA8KSNEohV8hX7zVHOemC8jVBoBUHu5zpJK/Eu3uJwt6BMgy9fkvzxDaurgj96F/NiLukF2w==",
      "optional": true
    },
    "@rollup/rollup-android-arm64": {
      "version": "4.22.4",
      "resolved": "https://registry.npmjs.org/@rollup/rollup-android-arm64/-/rollup-android-arm64-4.22.4.tgz",
      "integrity": "sha512-VXoK5UMrgECLYaMuGuVTOx5kcuap1Jm8g/M83RnCHBKOqvPPmROFJGQaZhGccnsFtfXQ3XYa4/jMCJvZnbJBdA==",
      "optional": true
    },
    "@rollup/rollup-darwin-arm64": {
      "version": "4.22.4",
      "resolved": "https://registry.npmjs.org/@rollup/rollup-darwin-arm64/-/rollup-darwin-arm64-4.22.4.tgz",
      "integrity": "sha512-xMM9ORBqu81jyMKCDP+SZDhnX2QEVQzTcC6G18KlTQEzWK8r/oNZtKuZaCcHhnsa6fEeOBionoyl5JsAbE/36Q==",
      "optional": true
    },
    "@rollup/rollup-darwin-x64": {
      "version": "4.22.4",
      "resolved": "https://registry.npmjs.org/@rollup/rollup-darwin-x64/-/rollup-darwin-x64-4.22.4.tgz",
      "integrity": "sha512-aJJyYKQwbHuhTUrjWjxEvGnNNBCnmpHDvrb8JFDbeSH3m2XdHcxDd3jthAzvmoI8w/kSjd2y0udT+4okADsZIw==",
      "optional": true
    },
    "@rollup/rollup-linux-arm-gnueabihf": {
      "version": "4.22.4",
      "resolved": "https://registry.npmjs.org/@rollup/rollup-linux-arm-gnueabihf/-/rollup-linux-arm-gnueabihf-4.22.4.tgz",
      "integrity": "sha512-j63YtCIRAzbO+gC2L9dWXRh5BFetsv0j0va0Wi9epXDgU/XUi5dJKo4USTttVyK7fGw2nPWK0PbAvyliz50SCQ==",
      "optional": true
    },
    "@rollup/rollup-linux-arm-musleabihf": {
      "version": "4.22.4",
      "resolved": "https://registry.npmjs.org/@rollup/rollup-linux-arm-musleabihf/-/rollup-linux-arm-musleabihf-4.22.4.tgz",
      "integrity": "sha512-dJnWUgwWBX1YBRsuKKMOlXCzh2Wu1mlHzv20TpqEsfdZLb3WoJW2kIEsGwLkroYf24IrPAvOT/ZQ2OYMV6vlrg==",
      "optional": true
    },
    "@rollup/rollup-linux-arm64-gnu": {
      "version": "4.22.4",
      "resolved": "https://registry.npmjs.org/@rollup/rollup-linux-arm64-gnu/-/rollup-linux-arm64-gnu-4.22.4.tgz",
      "integrity": "sha512-AdPRoNi3NKVLolCN/Sp4F4N1d98c4SBnHMKoLuiG6RXgoZ4sllseuGioszumnPGmPM2O7qaAX/IJdeDU8f26Aw==",
      "optional": true
    },
    "@rollup/rollup-linux-arm64-musl": {
      "version": "4.22.4",
      "resolved": "https://registry.npmjs.org/@rollup/rollup-linux-arm64-musl/-/rollup-linux-arm64-musl-4.22.4.tgz",
      "integrity": "sha512-Gl0AxBtDg8uoAn5CCqQDMqAx22Wx22pjDOjBdmG0VIWX3qUBHzYmOKh8KXHL4UpogfJ14G4wk16EQogF+v8hmA==",
      "optional": true
    },
    "@rollup/rollup-linux-powerpc64le-gnu": {
      "version": "4.22.4",
      "resolved": "https://registry.npmjs.org/@rollup/rollup-linux-powerpc64le-gnu/-/rollup-linux-powerpc64le-gnu-4.22.4.tgz",
      "integrity": "sha512-3aVCK9xfWW1oGQpTsYJJPF6bfpWfhbRnhdlyhak2ZiyFLDaayz0EP5j9V1RVLAAxlmWKTDfS9wyRyY3hvhPoOg==",
      "optional": true
    },
    "@rollup/rollup-linux-riscv64-gnu": {
      "version": "4.22.4",
      "resolved": "https://registry.npmjs.org/@rollup/rollup-linux-riscv64-gnu/-/rollup-linux-riscv64-gnu-4.22.4.tgz",
      "integrity": "sha512-ePYIir6VYnhgv2C5Xe9u+ico4t8sZWXschR6fMgoPUK31yQu7hTEJb7bCqivHECwIClJfKgE7zYsh1qTP3WHUA==",
      "optional": true
    },
    "@rollup/rollup-linux-s390x-gnu": {
      "version": "4.22.4",
      "resolved": "https://registry.npmjs.org/@rollup/rollup-linux-s390x-gnu/-/rollup-linux-s390x-gnu-4.22.4.tgz",
      "integrity": "sha512-GqFJ9wLlbB9daxhVlrTe61vJtEY99/xB3C8e4ULVsVfflcpmR6c8UZXjtkMA6FhNONhj2eA5Tk9uAVw5orEs4Q==",
      "optional": true
    },
    "@rollup/rollup-linux-x64-gnu": {
      "version": "4.22.4",
      "resolved": "https://registry.npmjs.org/@rollup/rollup-linux-x64-gnu/-/rollup-linux-x64-gnu-4.22.4.tgz",
      "integrity": "sha512-87v0ol2sH9GE3cLQLNEy0K/R0pz1nvg76o8M5nhMR0+Q+BBGLnb35P0fVz4CQxHYXaAOhE8HhlkaZfsdUOlHwg==",
      "optional": true
    },
    "@rollup/rollup-linux-x64-musl": {
      "version": "4.22.4",
      "resolved": "https://registry.npmjs.org/@rollup/rollup-linux-x64-musl/-/rollup-linux-x64-musl-4.22.4.tgz",
      "integrity": "sha512-UV6FZMUgePDZrFjrNGIWzDo/vABebuXBhJEqrHxrGiU6HikPy0Z3LfdtciIttEUQfuDdCn8fqh7wiFJjCNwO+g==",
      "optional": true
    },
    "@rollup/rollup-win32-arm64-msvc": {
      "version": "4.22.4",
      "resolved": "https://registry.npmjs.org/@rollup/rollup-win32-arm64-msvc/-/rollup-win32-arm64-msvc-4.22.4.tgz",
      "integrity": "sha512-BjI+NVVEGAXjGWYHz/vv0pBqfGoUH0IGZ0cICTn7kB9PyjrATSkX+8WkguNjWoj2qSr1im/+tTGRaY+4/PdcQw==",
      "optional": true
    },
    "@rollup/rollup-win32-ia32-msvc": {
      "version": "4.22.4",
      "resolved": "https://registry.npmjs.org/@rollup/rollup-win32-ia32-msvc/-/rollup-win32-ia32-msvc-4.22.4.tgz",
      "integrity": "sha512-SiWG/1TuUdPvYmzmYnmd3IEifzR61Tragkbx9D3+R8mzQqDBz8v+BvZNDlkiTtI9T15KYZhP0ehn3Dld4n9J5g==",
      "optional": true
    },
    "@rollup/rollup-win32-x64-msvc": {
      "version": "4.22.4",
      "resolved": "https://registry.npmjs.org/@rollup/rollup-win32-x64-msvc/-/rollup-win32-x64-msvc-4.22.4.tgz",
      "integrity": "sha512-j8pPKp53/lq9lMXN57S8cFz0MynJk8OWNuUnXct/9KCpKU7DgU3bYMJhwWmcqC0UU29p8Lr0/7KEVcaM6bf47Q==",
      "optional": true
    },
    "@types/estree": {
      "version": "1.0.5",
      "resolved": "https://registry.npmjs.org/@types/estree/-/estree-1.0.5.tgz",
      "integrity": "sha512-/kYRxGDLWzHOB7q+wtSUQlFrtcdUccpfy+X+9iMBpHK8QLLhx2wIPYuS5DYtR9Wa/YlZAbIovy7qVdB1Aq6Lyw=="
    },
    "antd": {
      "version": "5.21.0",
      "resolved": "https://registry.npmjs.org/antd/-/antd-5.21.0.tgz",
      "integrity": "sha512-eoY3LruXq/8MRCXG46O2cwc+Q8HW8Bhc+pWw7loIt6Dn22tLHckxYF/663kn55JTIOVUnJdmJDP9njdJmLXJsQ==",
      "requires": {
        "@ant-design/colors": "^7.1.0",
        "@ant-design/cssinjs": "^1.21.1",
        "@ant-design/cssinjs-utils": "^1.1.0",
        "@ant-design/icons": "^5.5.1",
        "@ant-design/react-slick": "~1.1.2",
        "@babel/runtime": "^7.25.6",
        "@ctrl/tinycolor": "^3.6.1",
        "@rc-component/color-picker": "~2.0.1",
        "@rc-component/mutate-observer": "^1.1.0",
        "@rc-component/qrcode": "~1.0.0",
        "@rc-component/tour": "~1.15.1",
        "@rc-component/trigger": "^2.2.3",
        "classnames": "^2.5.1",
        "copy-to-clipboard": "^3.3.3",
        "dayjs": "^1.11.11",
        "rc-cascader": "~3.28.1",
        "rc-checkbox": "~3.3.0",
        "rc-collapse": "~3.8.0",
        "rc-dialog": "~9.6.0",
        "rc-drawer": "~7.2.0",
        "rc-dropdown": "~4.2.0",
        "rc-field-form": "~2.4.0",
        "rc-image": "~7.11.0",
        "rc-input": "~1.6.3",
        "rc-input-number": "~9.2.0",
        "rc-mentions": "~2.16.1",
        "rc-menu": "~9.15.1",
        "rc-motion": "^2.9.3",
        "rc-notification": "~5.6.1",
        "rc-pagination": "~4.3.0",
        "rc-picker": "~4.6.14",
        "rc-progress": "~4.0.0",
        "rc-rate": "~2.13.0",
        "rc-resize-observer": "^1.4.0",
        "rc-segmented": "~2.5.0",
        "rc-select": "~14.15.2",
        "rc-slider": "~11.1.6",
        "rc-steps": "~6.0.1",
        "rc-switch": "~4.1.0",
        "rc-table": "~7.47.5",
        "rc-tabs": "~15.2.0",
        "rc-textarea": "~1.8.2",
        "rc-tooltip": "~6.2.1",
        "rc-tree": "~5.9.0",
        "rc-tree-select": "~5.23.0",
        "rc-upload": "~4.8.1",
        "rc-util": "^5.43.0",
        "scroll-into-view-if-needed": "^3.1.0",
        "throttle-debounce": "^5.0.2"
      }
    },
    "array-tree-filter": {
      "version": "2.1.0",
      "resolved": "https://registry.npmjs.org/array-tree-filter/-/array-tree-filter-2.1.0.tgz",
      "integrity": "sha512-4ROwICNlNw/Hqa9v+rk5h22KjmzB1JGTMVKP2AKJBOCgb0yL0ASf0+YvCcLNNwquOHNX48jkeZIJ3a+oOQqKcw=="
    },
    "classnames": {
      "version": "2.5.1",
      "resolved": "https://registry.npmjs.org/classnames/-/classnames-2.5.1.tgz",
      "integrity": "sha512-saHYOzhIQs6wy2sVxTM6bUDsQO4F50V9RQ22qBpEdCW+I+/Wmke2HOl6lS6dTpdxVhb88/I6+Hs+438c3lfUow=="
    },
    "compute-scroll-into-view": {
      "version": "3.1.0",
      "resolved": "https://registry.npmjs.org/compute-scroll-into-view/-/compute-scroll-into-view-3.1.0.tgz",
      "integrity": "sha512-rj8l8pD4bJ1nx+dAkMhV1xB5RuZEyVysfxJqB1pRchh1KVvwOv9b7CGB8ZfjTImVv2oF+sYMUkMZq6Na5Ftmbg=="
    },
    "copy-to-clipboard": {
      "version": "3.3.3",
      "resolved": "https://registry.npmjs.org/copy-to-clipboard/-/copy-to-clipboard-3.3.3.tgz",
      "integrity": "sha512-2KV8NhB5JqC3ky0r9PMCAZKbUHSwtEo4CwCs0KXgruG43gX5PMqDEBbVU4OUzw2MuAWUfsuFmWvEKG5QRfSnJA==",
      "requires": {
        "toggle-selection": "^1.0.6"
      }
    },
    "csstype": {
      "version": "3.1.3",
      "resolved": "https://registry.npmjs.org/csstype/-/csstype-3.1.3.tgz",
      "integrity": "sha512-M1uQkMl8rQK/szD0LNhtqxIPLpimGm8sOBwU7lLnCpSbTyY3yeU1Vc7l4KT5zT4s/yOxHH5O7tIuuLOCnLADRw=="
    },
    "dayjs": {
      "version": "1.11.13",
      "resolved": "https://registry.npmjs.org/dayjs/-/dayjs-1.11.13.tgz",
      "integrity": "sha512-oaMBel6gjolK862uaPQOVTA7q3TZhuSvuMQAAglQDOWYO9A91IrAOUJEyKVlqJlHE0vq5p5UXxzdPfMH/x6xNg=="
    },
    "esbuild": {
      "version": "0.21.5",
      "resolved": "https://registry.npmjs.org/esbuild/-/esbuild-0.21.5.tgz",
      "integrity": "sha512-mg3OPMV4hXywwpoDxu3Qda5xCKQi+vCTZq8S9J/EpkhB2HzKXq4SNFZE3+NK93JYxc8VMSep+lOUSC/RVKaBqw==",
      "requires": {
        "@esbuild/aix-ppc64": "0.21.5",
        "@esbuild/android-arm": "0.21.5",
        "@esbuild/android-arm64": "0.21.5",
        "@esbuild/android-x64": "0.21.5",
        "@esbuild/darwin-arm64": "0.21.5",
        "@esbuild/darwin-x64": "0.21.5",
        "@esbuild/freebsd-arm64": "0.21.5",
        "@esbuild/freebsd-x64": "0.21.5",
        "@esbuild/linux-arm": "0.21.5",
        "@esbuild/linux-arm64": "0.21.5",
        "@esbuild/linux-ia32": "0.21.5",
        "@esbuild/linux-loong64": "0.21.5",
        "@esbuild/linux-mips64el": "0.21.5",
        "@esbuild/linux-ppc64": "0.21.5",
        "@esbuild/linux-riscv64": "0.21.5",
        "@esbuild/linux-s390x": "0.21.5",
        "@esbuild/linux-x64": "0.21.5",
        "@esbuild/netbsd-x64": "0.21.5",
        "@esbuild/openbsd-x64": "0.21.5",
        "@esbuild/sunos-x64": "0.21.5",
        "@esbuild/win32-arm64": "0.21.5",
        "@esbuild/win32-ia32": "0.21.5",
        "@esbuild/win32-x64": "0.21.5"
      }
    },
    "fsevents": {
      "version": "2.3.3",
      "resolved": "https://registry.npmjs.org/fsevents/-/fsevents-2.3.3.tgz",
      "integrity": "sha512-5xoDfX+fL7faATnagmWPpbFtwh/R77WmMMqqHGS65C3vvB0YHrgF+B1YmZ3441tMj5n63k0212XNoJwzlhffQw==",
      "optional": true
    },
    "js-tokens": {
      "version": "4.0.0",
      "resolved": "https://registry.npmjs.org/js-tokens/-/js-tokens-4.0.0.tgz",
      "integrity": "sha512-RdJUflcE3cUzKiMqQgsCu06FPu9UdIJO0beYbPhHN4k6apgJtifcoCtT9bcxOpYBtpD2kCM6Sbzg4CausW/PKQ=="
    },
    "json2mq": {
      "version": "0.2.0",
      "resolved": "https://registry.npmjs.org/json2mq/-/json2mq-0.2.0.tgz",
      "integrity": "sha512-SzoRg7ux5DWTII9J2qkrZrqV1gt+rTaoufMxEzXbS26Uid0NwaJd123HcoB80TgubEppxxIGdNxCx50fEoEWQA==",
      "requires": {
        "string-convert": "^0.2.0"
      }
    },
    "loose-envify": {
      "version": "1.4.0",
      "resolved": "https://registry.npmjs.org/loose-envify/-/loose-envify-1.4.0.tgz",
      "integrity": "sha512-lyuxPGr/Wfhrlem2CL/UcnUc1zcqKAImBDzukY7Y5F/yQiNdko6+fRLevlw1HgMySw7f611UIY408EtxRSoK3Q==",
      "requires": {
        "js-tokens": "^3.0.0 || ^4.0.0"
      }
    },
    "nanoid": {
      "version": "3.3.7",
      "resolved": "https://registry.npmjs.org/nanoid/-/nanoid-3.3.7.tgz",
      "integrity": "sha512-eSRppjcPIatRIMC1U6UngP8XFcz8MQWGQdt1MTBQ7NaAmvXDfvNxbvWV3x2y6CdEUciCSsDHDQZbhYaB8QEo2g=="
    },
    "picocolors": {
      "version": "1.1.0",
      "resolved": "https://registry.npmjs.org/picocolors/-/picocolors-1.1.0.tgz",
      "integrity": "sha512-TQ92mBOW0l3LeMeyLV6mzy/kWr8lkd/hp3mTg7wYK7zJhuBStmGMBG0BdeDZS/dZx1IukaX6Bk11zcln25o1Aw=="
    },
    "postcss": {
      "version": "8.4.47",
      "resolved": "https://registry.npmjs.org/postcss/-/postcss-8.4.47.tgz",
      "integrity": "sha512-56rxCq7G/XfB4EkXq9Egn5GCqugWvDFjafDOThIdMBsI15iqPqR5r15TfSr1YPYeEI19YeaXMCbY6u88Y76GLQ==",
      "requires": {
        "nanoid": "^3.3.7",
        "picocolors": "^1.1.0",
        "source-map-js": "^1.2.1"
      }
    },
    "rc-cascader": {
      "version": "3.28.1",
      "resolved": "https://registry.npmjs.org/rc-cascader/-/rc-cascader-3.28.1.tgz",
      "integrity": "sha512-9+8oHIMWVLHxuaapDiqFNmD9KSyKN/P4bo9x/MBuDbyTqP8f2/POmmZxdXWBO3yq/uE3pKyQCXYNUxrNfHRv2A==",
      "requires": {
        "@babel/runtime": "^7.12.5",
        "array-tree-filter": "^2.1.0",
        "classnames": "^2.3.1",
        "rc-select": "~14.15.0",
        "rc-tree": "~5.9.0",
        "rc-util": "^5.37.0"
      }
    },
    "rc-checkbox": {
      "version": "3.3.0",
      "resolved": "https://registry.npmjs.org/rc-checkbox/-/rc-checkbox-3.3.0.tgz",
      "integrity": "sha512-Ih3ZaAcoAiFKJjifzwsGiT/f/quIkxJoklW4yKGho14Olulwn8gN7hOBve0/WGDg5o/l/5mL0w7ff7/YGvefVw==",
      "requires": {
        "@babel/runtime": "^7.10.1",
        "classnames": "^2.3.2",
        "rc-util": "^5.25.2"
      }
    },
    "rc-collapse": {
      "version": "3.8.0",
      "resolved": "https://registry.npmjs.org/rc-collapse/-/rc-collapse-3.8.0.tgz",
      "integrity": "sha512-YVBkssrKPBG09TGfcWWGj8zJBYD9G3XuTy89t5iUmSXrIXEAnO1M+qjUxRW6b4Qi0+wNWG6MHJF/+US+nmIlzA==",
      "requires": {
        "@babel/runtime": "^7.10.1",
        "classnames": "2.x",
        "rc-motion": "^2.3.4",
        "rc-util": "^5.27.0"
      }
    },
    "rc-dialog": {
      "version": "9.6.0",
      "resolved": "https://registry.npmjs.org/rc-dialog/-/rc-dialog-9.6.0.tgz",
      "integrity": "sha512-ApoVi9Z8PaCQg6FsUzS8yvBEQy0ZL2PkuvAgrmohPkN3okps5WZ5WQWPc1RNuiOKaAYv8B97ACdsFU5LizzCqg==",
      "requires": {
        "@babel/runtime": "^7.10.1",
        "@rc-component/portal": "^1.0.0-8",
        "classnames": "^2.2.6",
        "rc-motion": "^2.3.0",
        "rc-util": "^5.21.0"
      }
    },
    "rc-drawer": {
      "version": "7.2.0",
      "resolved": "https://registry.npmjs.org/rc-drawer/-/rc-drawer-7.2.0.tgz",
      "integrity": "sha512-9lOQ7kBekEJRdEpScHvtmEtXnAsy+NGDXiRWc2ZVC7QXAazNVbeT4EraQKYwCME8BJLa8Bxqxvs5swwyOepRwg==",
      "requires": {
        "@babel/runtime": "^7.23.9",
        "@rc-component/portal": "^1.1.1",
        "classnames": "^2.2.6",
        "rc-motion": "^2.6.1",
        "rc-util": "^5.38.1"
      }
    },
    "rc-dropdown": {
      "version": "4.2.0",
      "resolved": "https://registry.npmjs.org/rc-dropdown/-/rc-dropdown-4.2.0.tgz",
      "integrity": "sha512-odM8Ove+gSh0zU27DUj5cG1gNKg7mLWBYzB5E4nNLrLwBmYEgYP43vHKDGOVZcJSVElQBI0+jTQgjnq0NfLjng==",
      "requires": {
        "@babel/runtime": "^7.18.3",
        "@rc-component/trigger": "^2.0.0",
        "classnames": "^2.2.6",
        "rc-util": "^5.17.0"
      }
    },
    "rc-field-form": {
      "version": "2.4.0",
      "resolved": "https://registry.npmjs.org/rc-field-form/-/rc-field-form-2.4.0.tgz",
      "integrity": "sha512-XZ/lF9iqf9HXApIHQHqzJK5v2w4mkUMsVqAzOyWVzoiwwXEavY6Tpuw7HavgzIoD+huVff4JghSGcgEfX6eycg==",
      "requires": {
        "@babel/runtime": "^7.18.0",
        "@rc-component/async-validator": "^5.0.3",
        "rc-util": "^5.32.2"
      }
    },
    "rc-image": {
      "version": "7.11.0",
      "resolved": "https://registry.npmjs.org/rc-image/-/rc-image-7.11.0.tgz",
      "integrity": "sha512-aZkTEZXqeqfPZtnSdNUnKQA0N/3MbgR7nUnZ+/4MfSFWPFHZau4p5r5ShaI0KPEMnNjv4kijSCFq/9wtJpwykw==",
      "requires": {
        "@babel/runtime": "^7.11.2",
        "@rc-component/portal": "^1.0.2",
        "classnames": "^2.2.6",
        "rc-dialog": "~9.6.0",
        "rc-motion": "^2.6.2",
        "rc-util": "^5.34.1"
      }
    },
    "rc-input": {
      "version": "1.6.3",
      "resolved": "https://registry.npmjs.org/rc-input/-/rc-input-1.6.3.tgz",
      "integrity": "sha512-wI4NzuqBS8vvKr8cljsvnTUqItMfG1QbJoxovCgL+DX4eVUcHIjVwharwevIxyy7H/jbLryh+K7ysnJr23aWIA==",
      "requires": {
        "@babel/runtime": "^7.11.1",
        "classnames": "^2.2.1",
        "rc-util": "^5.18.1"
      }
    },
    "rc-input-number": {
      "version": "9.2.0",
      "resolved": "https://registry.npmjs.org/rc-input-number/-/rc-input-number-9.2.0.tgz",
      "integrity": "sha512-5XZFhBCV5f9UQ62AZ2hFbEY8iZT/dm23Q1kAg0H8EvOgD3UDbYYJAayoVIkM3lQaCqYAW5gV0yV3vjw1XtzWHg==",
      "requires": {
        "@babel/runtime": "^7.10.1",
        "@rc-component/mini-decimal": "^1.0.1",
        "classnames": "^2.2.5",
        "rc-input": "~1.6.0",
        "rc-util": "^5.40.1"
      }
    },
    "rc-mentions": {
      "version": "2.16.1",
      "resolved": "https://registry.npmjs.org/rc-mentions/-/rc-mentions-2.16.1.tgz",
      "integrity": "sha512-GnhSTGP9Mtv6pqFFGQze44LlrtWOjHNrUUAcsdo9DnNAhN4pwVPEWy4z+2jpjkiGlJ3VoXdvMHcNDQdfI9fEaw==",
      "requires": {
        "@babel/runtime": "^7.22.5",
        "@rc-component/trigger": "^2.0.0",
        "classnames": "^2.2.6",
        "rc-input": "~1.6.0",
        "rc-menu": "~9.15.1",
        "rc-textarea": "~1.8.0",
        "rc-util": "^5.34.1"
      }
    },
    "rc-menu": {
      "version": "9.15.1",
      "resolved": "https://registry.npmjs.org/rc-menu/-/rc-menu-9.15.1.tgz",
      "integrity": "sha512-UKporqU6LPfHnpPmtP6hdEK4iO5Q+b7BRv/uRpxdIyDGplZy9jwUjsnpev5bs3PQKB0H0n34WAPDfjAfn3kAPA==",
      "requires": {
        "@babel/runtime": "^7.10.1",
        "@rc-component/trigger": "^2.0.0",
        "classnames": "2.x",
        "rc-motion": "^2.4.3",
        "rc-overflow": "^1.3.1",
        "rc-util": "^5.27.0"
      }
    },
    "rc-motion": {
      "version": "2.9.3",
      "resolved": "https://registry.npmjs.org/rc-motion/-/rc-motion-2.9.3.tgz",
      "integrity": "sha512-rkW47ABVkic7WEB0EKJqzySpvDqwl60/tdkY7hWP7dYnh5pm0SzJpo54oW3TDUGXV5wfxXFmMkxrzRRbotQ0+w==",
      "requires": {
        "@babel/runtime": "^7.11.1",
        "classnames": "^2.2.1",
        "rc-util": "^5.43.0"
      }
    },
    "rc-notification": {
      "version": "5.6.1",
      "resolved": "https://registry.npmjs.org/rc-notification/-/rc-notification-5.6.1.tgz",
      "integrity": "sha512-Q4ZKES3IBxWmpNnlDiMFYoH6D7MJ1L3n3gp59pnpaMI8gm9Vj+gVRxdInvoYjBoZvEOenxb9MbbKvnFhzJpgvA==",
      "requires": {
        "@babel/runtime": "^7.10.1",
        "classnames": "2.x",
        "rc-motion": "^2.9.0",
        "rc-util": "^5.20.1"
      }
    },
    "rc-overflow": {
      "version": "1.3.2",
      "resolved": "https://registry.npmjs.org/rc-overflow/-/rc-overflow-1.3.2.tgz",
      "integrity": "sha512-nsUm78jkYAoPygDAcGZeC2VwIg/IBGSodtOY3pMof4W3M9qRJgqaDYm03ZayHlde3I6ipliAxbN0RUcGf5KOzw==",
      "requires": {
        "@babel/runtime": "^7.11.1",
        "classnames": "^2.2.1",
        "rc-resize-observer": "^1.0.0",
        "rc-util": "^5.37.0"
      }
    },
    "rc-pagination": {
      "version": "4.3.0",
      "resolved": "https://registry.npmjs.org/rc-pagination/-/rc-pagination-4.3.0.tgz",
      "integrity": "sha512-UubEWA0ShnroQ1tDa291Fzw6kj0iOeF26IsUObxYTpimgj4/qPCWVFl18RLZE+0Up1IZg0IK4pMn6nB3mjvB7g==",
      "requires": {
        "@babel/runtime": "^7.10.1",
        "classnames": "^2.3.2",
        "rc-util": "^5.38.0"
      }
    },
    "rc-picker": {
      "version": "4.6.14",
      "resolved": "https://registry.npmjs.org/rc-picker/-/rc-picker-4.6.14.tgz",
      "integrity": "sha512-7DuTfUFdkxmsNpWQ0TWv6FPGna5e6KKC4nxtx3x9xhumLz7jb3fhlDdWQvqEL6tpt9DOb1+N5j+wB+lDOSS9kg==",
      "requires": {
        "@babel/runtime": "^7.24.7",
        "@rc-component/trigger": "^2.0.0",
        "classnames": "^2.2.1",
        "rc-overflow": "^1.3.2",
        "rc-resize-observer": "^1.4.0",
        "rc-util": "^5.43.0"
      }
    },
    "rc-progress": {
      "version": "4.0.0",
      "resolved": "https://registry.npmjs.org/rc-progress/-/rc-progress-4.0.0.tgz",
      "integrity": "sha512-oofVMMafOCokIUIBnZLNcOZFsABaUw8PPrf1/y0ZBvKZNpOiu5h4AO9vv11Sw0p4Hb3D0yGWuEattcQGtNJ/aw==",
      "requires": {
        "@babel/runtime": "^7.10.1",
        "classnames": "^2.2.6",
        "rc-util": "^5.16.1"
      }
    },
    "rc-rate": {
      "version": "2.13.0",
      "resolved": "https://registry.npmjs.org/rc-rate/-/rc-rate-2.13.0.tgz",
      "integrity": "sha512-oxvx1Q5k5wD30sjN5tqAyWTvJfLNNJn7Oq3IeS4HxWfAiC4BOXMITNAsw7u/fzdtO4MS8Ki8uRLOzcnEuoQiAw==",
      "requires": {
        "@babel/runtime": "^7.10.1",
        "classnames": "^2.2.5",
        "rc-util": "^5.0.1"
      }
    },
    "rc-resize-observer": {
      "version": "1.4.0",
      "resolved": "https://registry.npmjs.org/rc-resize-observer/-/rc-resize-observer-1.4.0.tgz",
      "integrity": "sha512-PnMVyRid9JLxFavTjeDXEXo65HCRqbmLBw9xX9gfC4BZiSzbLXKzW3jPz+J0P71pLbD5tBMTT+mkstV5gD0c9Q==",
      "requires": {
        "@babel/runtime": "^7.20.7",
        "classnames": "^2.2.1",
        "rc-util": "^5.38.0",
        "resize-observer-polyfill": "^1.5.1"
      }
    },
    "rc-segmented": {
      "version": "2.5.0",
      "resolved": "https://registry.npmjs.org/rc-segmented/-/rc-segmented-2.5.0.tgz",
      "integrity": "sha512-B28Fe3J9iUFOhFJET3RoXAPFJ2u47QvLSYcZWC4tFYNGPEjug5LAxEasZlA/PpAxhdOPqGWsGbSj7ftneukJnw==",
      "requires": {
        "@babel/runtime": "^7.11.1",
        "classnames": "^2.2.1",
        "rc-motion": "^2.4.4",
        "rc-util": "^5.17.0"
      }
    },
    "rc-select": {
      "version": "14.15.2",
      "resolved": "https://registry.npmjs.org/rc-select/-/rc-select-14.15.2.tgz",
      "integrity": "sha512-oNoXlaFmpqXYcQDzcPVLrEqS2J9c+/+oJuGrlXeVVX/gVgrbHa5YcyiRUXRydFjyuA7GP3elRuLF7Y3Tfwltlw==",
      "requires": {
        "@babel/runtime": "^7.10.1",
        "@rc-component/trigger": "^2.1.1",
        "classnames": "2.x",
        "rc-motion": "^2.0.1",
        "rc-overflow": "^1.3.1",
        "rc-util": "^5.16.1",
        "rc-virtual-list": "^3.5.2"
      }
    },
    "rc-slider": {
      "version": "11.1.6",
      "resolved": "https://registry.npmjs.org/rc-slider/-/rc-slider-11.1.6.tgz",
      "integrity": "sha512-LACAaXM0hi+4x4ErDGZLy7weIQwmBIVbIgPE+eDHiHkyzMvKjWHraCG8/B22Y/tCQUPAsP02wBhKhth7mH2PIw==",
      "requires": {
        "@babel/runtime": "^7.10.1",
        "classnames": "^2.2.5",
        "rc-util": "^5.36.0"
      }
    },
    "rc-steps": {
      "version": "6.0.1",
      "resolved": "https://registry.npmjs.org/rc-steps/-/rc-steps-6.0.1.tgz",
      "integrity": "sha512-lKHL+Sny0SeHkQKKDJlAjV5oZ8DwCdS2hFhAkIjuQt1/pB81M0cA0ErVFdHq9+jmPmFw1vJB2F5NBzFXLJxV+g==",
      "requires": {
        "@babel/runtime": "^7.16.7",
        "classnames": "^2.2.3",
        "rc-util": "^5.16.1"
      }
    },
    "rc-switch": {
      "version": "4.1.0",
      "resolved": "https://registry.npmjs.org/rc-switch/-/rc-switch-4.1.0.tgz",
      "integrity": "sha512-TI8ufP2Az9oEbvyCeVE4+90PDSljGyuwix3fV58p7HV2o4wBnVToEyomJRVyTaZeqNPAp+vqeo4Wnj5u0ZZQBg==",
      "requires": {
        "@babel/runtime": "^7.21.0",
        "classnames": "^2.2.1",
        "rc-util": "^5.30.0"
      }
    },
    "rc-table": {
      "version": "7.47.5",
      "resolved": "https://registry.npmjs.org/rc-table/-/rc-table-7.47.5.tgz",
      "integrity": "sha512-fzq+V9j/atbPIcvs3emuclaEoXulwQpIiJA6/7ey52j8+9cJ4P8DGmp4YzfUVDrb3qhgedcVeD6eRgUrokwVEQ==",
      "requires": {
        "@babel/runtime": "^7.10.1",
        "@rc-component/context": "^1.4.0",
        "classnames": "^2.2.5",
        "rc-resize-observer": "^1.1.0",
        "rc-util": "^5.41.0",
        "rc-virtual-list": "^3.14.2"
      }
    },
    "rc-tabs": {
      "version": "15.2.0",
      "resolved": "https://registry.npmjs.org/rc-tabs/-/rc-tabs-15.2.0.tgz",
      "integrity": "sha512-ZfHdGw0krK4walBYNOgPWCcBImSp5NtzJR5+oI4rN9Z44FYDQKozBFfuAQHhumIUtx4EmGaYCFjywwgca/Rs1g==",
      "requires": {
        "@babel/runtime": "^7.11.2",
        "classnames": "2.x",
        "rc-dropdown": "~4.2.0",
        "rc-menu": "~9.15.1",
        "rc-motion": "^2.6.2",
        "rc-resize-observer": "^1.0.0",
        "rc-util": "^5.34.1"
      }
    },
    "rc-textarea": {
      "version": "1.8.2",
      "resolved": "https://registry.npmjs.org/rc-textarea/-/rc-textarea-1.8.2.tgz",
      "integrity": "sha512-UFAezAqltyR00a8Lf0IPAyTd29Jj9ee8wt8DqXyDMal7r/Cg/nDt3e1OOv3Th4W6mKaZijjgwuPXhAfVNTN8sw==",
      "requires": {
        "@babel/runtime": "^7.10.1",
        "classnames": "^2.2.1",
        "rc-input": "~1.6.0",
        "rc-resize-observer": "^1.0.0",
        "rc-util": "^5.27.0"
      }
    },
    "rc-tooltip": {
      "version": "6.2.1",
      "resolved": "https://registry.npmjs.org/rc-tooltip/-/rc-tooltip-6.2.1.tgz",
      "integrity": "sha512-rws0duD/3sHHsD905Nex7FvoUGy2UBQRhTkKxeEvr2FB+r21HsOxcDJI0TzyO8NHhnAA8ILr8pfbSBg5Jj5KBg==",
      "requires": {
        "@babel/runtime": "^7.11.2",
        "@rc-component/trigger": "^2.0.0",
        "classnames": "^2.3.1"
      }
    },
    "rc-tree": {
      "version": "5.9.0",
      "resolved": "https://registry.npmjs.org/rc-tree/-/rc-tree-5.9.0.tgz",
      "integrity": "sha512-CPrgOvm9d/9E+izTONKSngNzQdIEjMox2PBufWjS1wf7vxtvmCWzK1SlpHbRY6IaBfJIeZ+88RkcIevf729cRg==",
      "requires": {
        "@babel/runtime": "^7.10.1",
        "classnames": "2.x",
        "rc-motion": "^2.0.1",
        "rc-util": "^5.16.1",
        "rc-virtual-list": "^3.5.1"
      }
    },
    "rc-tree-select": {
      "version": "5.23.0",
      "resolved": "https://registry.npmjs.org/rc-tree-select/-/rc-tree-select-5.23.0.tgz",
      "integrity": "sha512-aQGi2tFSRw1WbXv0UVXPzHm09E0cSvUVZMLxQtMv3rnZZpNmdRXWrnd9QkLNlVH31F+X5rgghmdSFF3yZW0N9A==",
      "requires": {
        "@babel/runtime": "^7.10.1",
        "classnames": "2.x",
        "rc-select": "~14.15.0",
        "rc-tree": "~5.9.0",
        "rc-util": "^5.16.1"
      }
    },
    "rc-upload": {
      "version": "4.8.1",
      "resolved": "https://registry.npmjs.org/rc-upload/-/rc-upload-4.8.1.tgz",
      "integrity": "sha512-toEAhwl4hjLAI1u8/CgKWt30BR06ulPa4iGQSMvSXoHzO88gPCslxqV/mnn4gJU7PDoltGIC9Eh+wkeudqgHyw==",
      "requires": {
        "@babel/runtime": "^7.18.3",
        "classnames": "^2.2.5",
        "rc-util": "^5.2.0"
      }
    },
    "rc-util": {
      "version": "5.43.0",
      "resolved": "https://registry.npmjs.org/rc-util/-/rc-util-5.43.0.tgz",
      "integrity": "sha512-AzC7KKOXFqAdIBqdGWepL9Xn7cm3vnAmjlHqUnoQaTMZYhM4VlXGLkkHHxj/BZ7Td0+SOPKB4RGPboBVKT9htw==",
      "requires": {
        "@babel/runtime": "^7.18.3",
        "react-is": "^18.2.0"
      }
    },
    "rc-virtual-list": {
      "version": "3.14.7",
      "resolved": "https://registry.npmjs.org/rc-virtual-list/-/rc-virtual-list-3.14.7.tgz",
      "integrity": "sha512-wFH1vzByGzT4jwNzj53JXScCHiTtZmEEXE9F8qyGDhoEaQAEg+RDeRZcTi0oIUo2EWqPiFnpaV5H09c8XVKSIw==",
      "requires": {
        "@babel/runtime": "^7.20.0",
        "classnames": "^2.2.6",
        "rc-resize-observer": "^1.0.0",
        "rc-util": "^5.36.0"
      }
    },
    "react": {
      "version": "18.3.1",
      "resolved": "https://registry.npmjs.org/react/-/react-18.3.1.tgz",
      "integrity": "sha512-wS+hAgJShR0KhEvPJArfuPVN1+Hz1t0Y6n5jLrGQbkb4urgPE/0Rve+1kMB1v/oWgHgm4WIcV+i7F2pTVj+2iQ==",
      "requires": {
        "loose-envify": "^1.1.0"
      }
    },
    "react-dom": {
      "version": "18.3.1",
      "resolved": "https://registry.npmjs.org/react-dom/-/react-dom-18.3.1.tgz",
      "integrity": "sha512-5m4nQKp+rZRb09LNH59GM4BxTh9251/ylbKIbpe7TpGxfJ+9kv6BLkLBXIjjspbgbnIBNqlI23tRnTWT0snUIw==",
      "requires": {
        "loose-envify": "^1.1.0",
        "scheduler": "^0.23.2"
      }
    },
    "react-is": {
      "version": "18.3.1",
      "resolved": "https://registry.npmjs.org/react-is/-/react-is-18.3.1.tgz",
      "integrity": "sha512-/LLMVyas0ljjAtoYiPqYiL8VWXzUUdThrmU5+n20DZv+a+ClRoevUzw5JxU+Ieh5/c87ytoTBV9G1FiKfNJdmg=="
    },
    "regenerator-runtime": {
      "version": "0.14.1",
      "resolved": "https://registry.npmjs.org/regenerator-runtime/-/regenerator-runtime-0.14.1.tgz",
      "integrity": "sha512-dYnhHh0nJoMfnkZs6GmmhFknAGRrLznOu5nc9ML+EJxGvrx6H7teuevqVqCuPcPK//3eDrrjQhehXVx9cnkGdw=="
    },
    "resize-observer-polyfill": {
      "version": "1.5.1",
      "resolved": "https://registry.npmjs.org/resize-observer-polyfill/-/resize-observer-polyfill-1.5.1.tgz",
      "integrity": "sha512-LwZrotdHOo12nQuZlHEmtuXdqGoOD0OhaxopaNFxWzInpEgaLWoVuAMbTzixuosCx2nEG58ngzW3vxdWoxIgdg=="
    },
    "rollup": {
      "version": "4.22.4",
      "resolved": "https://registry.npmjs.org/rollup/-/rollup-4.22.4.tgz",
      "integrity": "sha512-vD8HJ5raRcWOyymsR6Z3o6+RzfEPCnVLMFJ6vRslO1jt4LO6dUo5Qnpg7y4RkZFM2DMe3WUirkI5c16onjrc6A==",
      "requires": {
        "@rollup/rollup-android-arm-eabi": "4.22.4",
        "@rollup/rollup-android-arm64": "4.22.4",
        "@rollup/rollup-darwin-arm64": "4.22.4",
        "@rollup/rollup-darwin-x64": "4.22.4",
        "@rollup/rollup-linux-arm-gnueabihf": "4.22.4",
        "@rollup/rollup-linux-arm-musleabihf": "4.22.4",
        "@rollup/rollup-linux-arm64-gnu": "4.22.4",
        "@rollup/rollup-linux-arm64-musl": "4.22.4",
        "@rollup/rollup-linux-powerpc64le-gnu": "4.22.4",
        "@rollup/rollup-linux-riscv64-gnu": "4.22.4",
        "@rollup/rollup-linux-s390x-gnu": "4.22.4",
        "@rollup/rollup-linux-x64-gnu": "4.22.4",
        "@rollup/rollup-linux-x64-musl": "4.22.4",
        "@rollup/rollup-win32-arm64-msvc": "4.22.4",
        "@rollup/rollup-win32-ia32-msvc": "4.22.4",
        "@rollup/rollup-win32-x64-msvc": "4.22.4",
        "@types/estree": "1.0.5",
        "fsevents": "~2.3.2"
      }
    },
    "scheduler": {
      "version": "0.23.2",
      "resolved": "https://registry.npmjs.org/scheduler/-/scheduler-0.23.2.tgz",
      "integrity": "sha512-UOShsPwz7NrMUqhR6t0hWjFduvOzbtv7toDH1/hIrfRNIDBnnBWd0CwJTGvTpngVlmwGCdP9/Zl/tVrDqcuYzQ==",
      "requires": {
        "loose-envify": "^1.1.0"
      }
    },
    "scroll-into-view-if-needed": {
      "version": "3.1.0",
      "resolved": "https://registry.npmjs.org/scroll-into-view-if-needed/-/scroll-into-view-if-needed-3.1.0.tgz",
      "integrity": "sha512-49oNpRjWRvnU8NyGVmUaYG4jtTkNonFZI86MmGRDqBphEK2EXT9gdEUoQPZhuBM8yWHxCWbobltqYO5M4XrUvQ==",
      "requires": {
        "compute-scroll-into-view": "^3.0.2"
      }
    },
    "source-map-js": {
      "version": "1.2.1",
      "resolved": "https://registry.npmjs.org/source-map-js/-/source-map-js-1.2.1.tgz",
      "integrity": "sha512-UXWMKhLOwVKb728IUtQPXxfYU+usdybtUrK/8uGE8CQMvrhOpwvzDBwj0QhSL7MQc7vIsISBG8VQ8+IDQxpfQA=="
    },
    "string-convert": {
      "version": "0.2.1",
      "resolved": "https://registry.npmjs.org/string-convert/-/string-convert-0.2.1.tgz",
      "integrity": "sha512-u/1tdPl4yQnPBjnVrmdLo9gtuLvELKsAoRapekWggdiQNvvvum+jYF329d84NAa660KQw7pB2n36KrIKVoXa3A=="
    },
    "stylis": {
      "version": "4.3.4",
      "resolved": "https://registry.npmjs.org/stylis/-/stylis-4.3.4.tgz",
      "integrity": "sha512-osIBl6BGUmSfDkyH2mB7EFvCJntXDrLhKjHTRj/rK6xLH0yuPrHULDRQzKokSOD4VoorhtKpfcfW1GAntu8now=="
    },
    "throttle-debounce": {
      "version": "5.0.2",
      "resolved": "https://registry.npmjs.org/throttle-debounce/-/throttle-debounce-5.0.2.tgz",
      "integrity": "sha512-B71/4oyj61iNH0KeCamLuE2rmKuTO5byTOSVwECM5FA7TiAiAW+UqTKZ9ERueC4qvgSttUhdmq1mXC3kJqGX7A=="
    },
    "toggle-selection": {
      "version": "1.0.6",
      "resolved": "https://registry.npmjs.org/toggle-selection/-/toggle-selection-1.0.6.tgz",
      "integrity": "sha512-BiZS+C1OS8g/q2RRbJmy59xpyghNBqrr6k5L/uKBGRsTfxmu3ffiRnd8mlGPUVayg8pvfi5urfnu8TU7DVOkLQ=="
    },
    "vite": {
      "version": "5.4.7",
      "resolved": "https://registry.npmjs.org/vite/-/vite-5.4.7.tgz",
      "integrity": "sha512-5l2zxqMEPVENgvzTuBpHer2awaetimj2BGkhBPdnwKbPNOlHsODU+oiazEZzLK7KhAnOrO+XGYJYn4ZlUhDtDQ==",
      "requires": {
        "esbuild": "^0.21.3",
        "fsevents": "~2.3.3",
        "postcss": "^8.4.43",
        "rollup": "^4.20.0"
      }
    }
  }
}
